
Microsoft Visual Studio Solution File, Format Version 12.00
# Visual Studio Version 17
VisualStudioVersion = 17.3.32901.215
MinimumVisualStudioVersion = 10.0.40219.1
Project("{FAE04EC0-301F-11D3-BF4B-00C04F79EFBC}") = "CSharpIntroductionApp", "CSharpIntroductionApp\CSharpIntroductionApp.csproj", "{95422891-3250-45B0-A077-BF9895EA50A0}"
EndProject
Global
	GlobalSection(SolutionConfigurationPlatforms) = preSolution
		Debug|Any CPU = Debug|Any CPU
		Release|Any CPU = Release|Any CPU
	EndGlobalSection
	GlobalSection(ProjectConfigurationPlatforms) = postSolution
		{95422891-3250-45B0-A077-BF9895EA50A0}.Debug|Any CPU.ActiveCfg = Debug|Any CPU
		{95422891-3250-45B0-A077-BF9895EA50A0}.Debug|Any CPU.Build.0 = Debug|Any CPU
		{95422891-3250-45B0-A077-BF9895EA50A0}.Release|Any CPU.ActiveCfg = Release|Any CPU
		{95422891-3250-45B0-A077-BF9895EA50A0}.Release|Any CPU.Build.0 = Release|Any CPU
	EndGlobalSection
	GlobalSection(SolutionProperties) = preSolution
		HideSolutionNode = FALSE
	EndGlobalSection
	GlobalSection(ExtensibilityGlobals) = postSolution
		SolutionGuid = {FDA66D02-10DD-41EE-BB70-2EE6721448E0}
	EndGlobalSection
EndGlobal
