
Microsoft Visual Studio Solution File, Format Version 12.00
# Visual Studio Version 17
VisualStudioVersion = 17.3.32901.215
MinimumVisualStudioVersion = 10.0.40219.1
Project("{9A19103F-16F7-4668-BE54-9A1E7A4F7556}") = "OperatorsAndControlFlowApp", "OperatorsAndControlFlowApp\OperatorsAndControlFlowApp.csproj", "{30897004-FB7F-4C36-A02A-7785B854E231}"
EndProject
Project("{9A19103F-16F7-4668-BE54-9A1E7A4F7556}") = "OperatorsAndControlFlowTest", "OperatorsAndControlFlowTest\OperatorsAndControlFlowTest.csproj", "{BCB683AE-253D-4759-ABAF-646A71ABAB6A}"
EndProject
Project("{9A19103F-16F7-4668-BE54-9A1E7A4F7556}") = "ExceptionsApp", "ExceptionsApp\ExceptionsApp.csproj", "{1C23B060-87A0-41C4-82DD-4E1A98C95E30}"
EndProject
Project("{9A19103F-16F7-4668-BE54-9A1E7A4F7556}") = "ExceptionsDataTypesTests", "ExceptionsDataTypesTests\ExceptionsDataTypesTests.csproj", "{EB68C54D-5BC7-4987-A6E5-78416E03FAD3}"
EndProject
Project("{FAE04EC0-301F-11D3-BF4B-00C04F79EFBC}") = "NumericDataTypes", "NumericDataTypes\NumericDataTypes.csproj", "{4226157B-A2FC-4324-A5F0-8113E33F5466}"
EndProject
Global
	GlobalSection(SolutionConfigurationPlatforms) = preSolution
		Debug|Any CPU = Debug|Any CPU
		Release|Any CPU = Release|Any CPU
	EndGlobalSection
	GlobalSection(ProjectConfigurationPlatforms) = postSolution
		{30897004-FB7F-4C36-A02A-7785B854E231}.Debug|Any CPU.ActiveCfg = Debug|Any CPU
		{30897004-FB7F-4C36-A02A-7785B854E231}.Debug|Any CPU.Build.0 = Debug|Any CPU
		{30897004-FB7F-4C36-A02A-7785B854E231}.Release|Any CPU.ActiveCfg = Release|Any CPU
		{30897004-FB7F-4C36-A02A-7785B854E231}.Release|Any CPU.Build.0 = Release|Any CPU
		{BCB683AE-253D-4759-ABAF-646A71ABAB6A}.Debug|Any CPU.ActiveCfg = Debug|Any CPU
		{BCB683AE-253D-4759-ABAF-646A71ABAB6A}.Debug|Any CPU.Build.0 = Debug|Any CPU
		{BCB683AE-253D-4759-ABAF-646A71ABAB6A}.Release|Any CPU.ActiveCfg = Release|Any CPU
		{BCB683AE-253D-4759-ABAF-646A71ABAB6A}.Release|Any CPU.Build.0 = Release|Any CPU
		{1C23B060-87A0-41C4-82DD-4E1A98C95E30}.Debug|Any CPU.ActiveCfg = Debug|Any CPU
		{1C23B060-87A0-41C4-82DD-4E1A98C95E30}.Debug|Any CPU.Build.0 = Debug|Any CPU
		{1C23B060-87A0-41C4-82DD-4E1A98C95E30}.Release|Any CPU.ActiveCfg = Release|Any CPU
		{1C23B060-87A0-41C4-82DD-4E1A98C95E30}.Release|Any CPU.Build.0 = Release|Any CPU
		{EB68C54D-5BC7-4987-A6E5-78416E03FAD3}.Debug|Any CPU.ActiveCfg = Debug|Any CPU
		{EB68C54D-5BC7-4987-A6E5-78416E03FAD3}.Debug|Any CPU.Build.0 = Debug|Any CPU
		{EB68C54D-5BC7-4987-A6E5-78416E03FAD3}.Release|Any CPU.ActiveCfg = Release|Any CPU
		{EB68C54D-5BC7-4987-A6E5-78416E03FAD3}.Release|Any CPU.Build.0 = Release|Any CPU
		{4226157B-A2FC-4324-A5F0-8113E33F5466}.Debug|Any CPU.ActiveCfg = Debug|Any CPU
		{4226157B-A2FC-4324-A5F0-8113E33F5466}.Debug|Any CPU.Build.0 = Debug|Any CPU
		{4226157B-A2FC-4324-A5F0-8113E33F5466}.Release|Any CPU.ActiveCfg = Release|Any CPU
		{4226157B-A2FC-4324-A5F0-8113E33F5466}.Release|Any CPU.Build.0 = Release|Any CPU
	EndGlobalSection
	GlobalSection(SolutionProperties) = preSolution
		HideSolutionNode = FALSE
	EndGlobalSection
	GlobalSection(ExtensibilityGlobals) = postSolution
		SolutionGuid = {8E05ED1B-0245-498F-A104-2FB3A7F7522C}
	EndGlobalSection
EndGlobal
